dependencies:
- name: datadog
  repository: https://helm.datadoghq.com
  version: 3.60.0
- name: mongodb
  repository: https://charts.bitnami.com/bitnami
  version: 14.0.0
- name: keycloak
  repository: https://charts.bitnami.com/bitnami
  version: 25.2.0
digest: sha256:287c7a52033b39a044efba63fbbd21474d9f561f9967eaf355ea68895992d60c
generated: "2025-10-01T21:22:54.41233-07:00"
